Microsoft Visual Studio Solution File, Format Version 10.00
# Visual Studio 2008
Project("{FAE04EC0-301F-11D3-BF4B-00C04F79EFBC}") = "Core", "Core\Core.csproj", "{57E745BA-2E44-4E3F-A8A5-88B63EAA38B1}"
EndProject
Project("{2150E333-8FDC-42A3-9474-1A3956D46DE8}") = "Solution Items", "Solution Items", "{0691ABF2-B3C7-43BF-9862-2D8D1299CE58}"
	ProjectSection(SolutionItems) = preProject
		..\DbFriend.build = ..\DbFriend.build
	EndProjectSection
EndProject
Project("{FAE04EC0-301F-11D3-BF4B-00C04F79EFBC}") = "Shell", "Shell\Shell.csproj", "{1CAE0594-4F96-42CA-A53F-F62D06A4AD73}"
EndProject
Project("{2150E333-8FDC-42A3-9474-1A3956D46DE8}") = "db-setup", "db-setup", "{CBD61039-C3E1-4ED8-981F-A6B7499D19CB}"
	ProjectSection(SolutionItems) = preProject
		..\build\db-setup\0000001.sql = ..\build\db-setup\0000001.sql
		..\build\db-setup\0000002.sql = ..\build\db-setup\0000002.sql
		..\build\db-setup\0000003.sql = ..\build\db-setup\0000003.sql
		..\build\db-setup\0000004.sql = ..\build\db-setup\0000004.sql
		..\build\db-setup\0000005.sql = ..\build\db-setup\0000005.sql
		..\build\db-setup\CreateDB.sql = ..\build\db-setup\CreateDB.sql
		..\build\db-setup\CreateUser.sql = ..\build\db-setup\CreateUser.sql
	EndProjectSection
EndProject
Project("{FAE04EC0-301F-11D3-BF4B-00C04F79EFBC}") = "Testing.Integration", "Testing.Integration\Testing.Integration.csproj", "{CDE75A2D-F044-4402-A146-E3D69F38382A}"
EndProject
Project("{FAE04EC0-301F-11D3-BF4B-00C04F79EFBC}") = "Testing.Unit", "Testing.Unit\Testing.Unit.csproj", "{2FE2DB0B-1579-4D3C-AA53-225AEA580133}"
EndProject
Project("{FAE04EC0-301F-11D3-BF4B-00C04F79EFBC}") = "Testing", "Testing\Testing.csproj", "{1D31D671-E4A7-4DC5-A242-768AC2B7CC8C}"
EndProject
Project("{2150E333-8FDC-42A3-9474-1A3956D46DE8}") = "Tests", "Tests", "{CD26A668-1D7D-4B0D-B73D-D1302C5F583F}"
EndProject
Project("{2150E333-8FDC-42A3-9474-1A3956D46DE8}") = "Code", "Code", "{4CFEDE39-3179-451A-B2DE-1C3EA99F1F55}"
EndProject
Global
	GlobalSection(SolutionConfigurationPlatforms) = preSolution
		AutomatedDebug|Any CPU = AutomatedDebug|Any CPU
		Debug|Any CPU = Debug|Any CPU
		Release|Any CPU = Release|Any CPU
	EndGlobalSection
	GlobalSection(ProjectConfigurationPlatforms) = postSolution
		{57E745BA-2E44-4E3F-A8A5-88B63EAA38B1}.AutomatedDebug|Any CPU.ActiveCfg = AutomatedDebug|Any CPU
		{57E745BA-2E44-4E3F-A8A5-88B63EAA38B1}.AutomatedDebug|Any CPU.Build.0 = AutomatedDebug|Any CPU
		{57E745BA-2E44-4E3F-A8A5-88B63EAA38B1}.Debug|Any CPU.ActiveCfg = Debug|Any CPU
		{57E745BA-2E44-4E3F-A8A5-88B63EAA38B1}.Debug|Any CPU.Build.0 = Debug|Any CPU
		{57E745BA-2E44-4E3F-A8A5-88B63EAA38B1}.Release|Any CPU.ActiveCfg = Release|Any CPU
		{57E745BA-2E44-4E3F-A8A5-88B63EAA38B1}.Release|Any CPU.Build.0 = Release|Any CPU
		{1CAE0594-4F96-42CA-A53F-F62D06A4AD73}.AutomatedDebug|Any CPU.ActiveCfg = AutomatedDebug|Any CPU
		{1CAE0594-4F96-42CA-A53F-F62D06A4AD73}.AutomatedDebug|Any CPU.Build.0 = AutomatedDebug|Any CPU
		{1CAE0594-4F96-42CA-A53F-F62D06A4AD73}.Debug|Any CPU.ActiveCfg = Debug|Any CPU
		{1CAE0594-4F96-42CA-A53F-F62D06A4AD73}.Debug|Any CPU.Build.0 = Debug|Any CPU
		{1CAE0594-4F96-42CA-A53F-F62D06A4AD73}.Release|Any CPU.ActiveCfg = Release|Any CPU
		{1CAE0594-4F96-42CA-A53F-F62D06A4AD73}.Release|Any CPU.Build.0 = Release|Any CPU
		{CDE75A2D-F044-4402-A146-E3D69F38382A}.AutomatedDebug|Any CPU.ActiveCfg = AutomatedDebug|Any CPU
		{CDE75A2D-F044-4402-A146-E3D69F38382A}.AutomatedDebug|Any CPU.Build.0 = AutomatedDebug|Any CPU
		{CDE75A2D-F044-4402-A146-E3D69F38382A}.Debug|Any CPU.ActiveCfg = Debug|Any CPU
		{CDE75A2D-F044-4402-A146-E3D69F38382A}.Debug|Any CPU.Build.0 = Debug|Any CPU
		{CDE75A2D-F044-4402-A146-E3D69F38382A}.Release|Any CPU.ActiveCfg = Release|Any CPU
		{2FE2DB0B-1579-4D3C-AA53-225AEA580133}.AutomatedDebug|Any CPU.ActiveCfg = AutomatedDebug|Any CPU
		{2FE2DB0B-1579-4D3C-AA53-225AEA580133}.AutomatedDebug|Any CPU.Build.0 = AutomatedDebug|Any CPU
		{2FE2DB0B-1579-4D3C-AA53-225AEA580133}.Debug|Any CPU.ActiveCfg = Debug|Any CPU
		{2FE2DB0B-1579-4D3C-AA53-225AEA580133}.Debug|Any CPU.Build.0 = Debug|Any CPU
		{2FE2DB0B-1579-4D3C-AA53-225AEA580133}.Release|Any CPU.ActiveCfg = Release|Any CPU
		{1D31D671-E4A7-4DC5-A242-768AC2B7CC8C}.AutomatedDebug|Any CPU.ActiveCfg = AutomatedDebug|Any CPU
		{1D31D671-E4A7-4DC5-A242-768AC2B7CC8C}.AutomatedDebug|Any CPU.Build.0 = AutomatedDebug|Any CPU
		{1D31D671-E4A7-4DC5-A242-768AC2B7CC8C}.Debug|Any CPU.ActiveCfg = Debug|Any CPU
		{1D31D671-E4A7-4DC5-A242-768AC2B7CC8C}.Debug|Any CPU.Build.0 = Debug|Any CPU
		{1D31D671-E4A7-4DC5-A242-768AC2B7CC8C}.Release|Any CPU.ActiveCfg = Release|Any CPU
	EndGlobalSection
	GlobalSection(SolutionProperties) = preSolution
		HideSolutionNode = FALSE
	EndGlobalSection
	GlobalSection(NestedProjects) = preSolution
		{1CAE0594-4F96-42CA-A53F-F62D06A4AD73} = {4CFEDE39-3179-451A-B2DE-1C3EA99F1F55}
		{57E745BA-2E44-4E3F-A8A5-88B63EAA38B1} = {4CFEDE39-3179-451A-B2DE-1C3EA99F1F55}
		{CBD61039-C3E1-4ED8-981F-A6B7499D19CB} = {0691ABF2-B3C7-43BF-9862-2D8D1299CE58}
		{2FE2DB0B-1579-4D3C-AA53-225AEA580133} = {CD26A668-1D7D-4B0D-B73D-D1302C5F583F}
		{CDE75A2D-F044-4402-A146-E3D69F38382A} = {CD26A668-1D7D-4B0D-B73D-D1302C5F583F}
		{1D31D671-E4A7-4DC5-A242-768AC2B7CC8C} = {CD26A668-1D7D-4B0D-B73D-D1302C5F583F}
	EndGlobalSection
EndGlobal
